// !$*UTF8*$!
{
	archiveVersion = 1;
	classes = {
	};
	objectVersion = 56;
	objects = {

/* Begin PBXBuildFile section */
		45070E9D2BEFEA73001F57D7 /* CharacteristicViewCell.xib in Resources */ = {isa = PBXBuildFile; fileRef = 45070E9C2BEFEA73001F57D7 /* CharacteristicViewCell.xib */; };
		45070EA02BEFF28C001F57D7 /* ColorValue.swift in Sources */ = {isa = PBXBuildFile; fileRef = 45070E9F2BEFF28C001F57D7 /* ColorValue.swift */; };
		45070EA32BEFF2DB001F57D7 /* RotaryPositionValue.swift in Sources */ = {isa = PBXBuildFile; fileRef = 45070EA22BEFF2DB001F57D7 /* RotaryPositionValue.swift */; };
		45070EA52BEFF33D001F57D7 /* LightingMode.swift in Sources */ = {isa = PBXBuildFile; fileRef = 45070EA42BEFF33D001F57D7 /* LightingMode.swift */; };
		45070EA72BEFF3E3001F57D7 /* ConnectionStatus.swift in Sources */ = {isa = PBXBuildFile; fileRef = 45070EA62BEFF3E3001F57D7 /* ConnectionStatus.swift */; };
		45070EAA2BEFF412001F57D7 /* BluetoothService.swift in Sources */ = {isa = PBXBuildFile; fileRef = 45070EA92BEFF412001F57D7 /* BluetoothService.swift */; };
		45070EAC2BEFF694001F57D7 /* CharacteristicModel.swift in Sources */ = {isa = PBXBuildFile; fileRef = 45070EAB2BEFF694001F57D7 /* CharacteristicModel.swift */; };
		45070EAE2BEFFEAC001F57D7 /* MainViewPresenter.swift in Sources */ = {isa = PBXBuildFile; fileRef = 45070EAD2BEFFEAC001F57D7 /* MainViewPresenter.swift */; };
		45070EB02BF00844001F57D7 /* MainViewFormatter.swift in Sources */ = {isa = PBXBuildFile; fileRef = 45070EAF2BF00844001F57D7 /* MainViewFormatter.swift */; };
		45070EB32BF0088C001F57D7 /* CharacteristicViewUIModel.swift in Sources */ = {isa = PBXBuildFile; fileRef = 45070EB22BF0088C001F57D7 /* CharacteristicViewUIModel.swift */; };
		451995692BE406C300CEE3BA /* AppDelegate.swift in Sources */ = {isa = PBXBuildFile; fileRef = 451995682BE406C300CEE3BA /* AppDelegate.swift */; };
		4519956B2BE406C300CEE3BA /* SceneDelegate.swift in Sources */ = {isa = PBXBuildFile; fileRef = 4519956A2BE406C300CEE3BA /* SceneDelegate.swift */; };
		451995722BE406C600CEE3BA /* Assets.xcassets in Resources */ = {isa = PBXBuildFile; fileRef = 451995712BE406C600CEE3BA /* Assets.xcassets */; };
		451995752BE406C600CEE3BA /* LaunchScreen.storyboard in Resources */ = {isa = PBXBuildFile; fileRef = 451995732BE406C600CEE3BA /* LaunchScreen.storyboard */; };
		4519957E2BE4085E00CEE3BA /* MainViewController.swift in Sources */ = {isa = PBXBuildFile; fileRef = 4519957D2BE4085E00CEE3BA /* MainViewController.swift */; };
		451995802BE4088A00CEE3BA /* MainViewController.xib in Resources */ = {isa = PBXBuildFile; fileRef = 4519957F2BE4088A00CEE3BA /* MainViewController.xib */; };
		451995832BE4131300CEE3BA /* Extensions.swift in Sources */ = {isa = PBXBuildFile; fileRef = 451995822BE4131300CEE3BA /* Extensions.swift */; };
		451995852BE4205900CEE3BA /* Constants.swift in Sources */ = {isa = PBXBuildFile; fileRef = 451995842BE4205900CEE3BA /* Constants.swift */; };
		451995892BE4256300CEE3BA /* CharacteristicViewCell.swift in Sources */ = {isa = PBXBuildFile; fileRef = 451995882BE4256300CEE3BA /* CharacteristicViewCell.swift */; };
		4568E9E52BF1485100BFF157 /* ServiceData.swift in Sources */ = {isa = PBXBuildFile; fileRef = 4568E9E42BF1485100BFF157 /* ServiceData.swift */; };
		45EE41FF2BF154DD0009D108 /* CharacteristicDetailView.swift in Sources */ = {isa = PBXBuildFile; fileRef = 45EE41FE2BF154DD0009D108 /* CharacteristicDetailView.swift */; };
		45EE42032BF1559B0009D108 /* CharacteristicDetailView.xib in Resources */ = {isa = PBXBuildFile; fileRef = 45EE42022BF1559B0009D108 /* CharacteristicDetailView.xib */; };
/* End PBXBuildFile section */

/* Begin PBXFileReference section */
		45070E9C2BEFEA73001F57D7 /* CharacteristicViewCell.xib */ = {isa = PBXFileReference; lastKnownFileType = file.xib; path = CharacteristicViewCell.xib; sourceTree = "<group>"; };
		45070E9F2BEFF28C001F57D7 /* ColorValue.swift */ = {isa = PBXFileReference; lastKnownFileType = sourcecode.swift; path = ColorValue.swift; sourceTree = "<group>"; };
		45070EA22BEFF2DB001F57D7 /* RotaryPositionValue.swift */ = {isa = PBXFileReference; lastKnownFileType = sourcecode.swift; path = RotaryPositionValue.swift; sourceTree = "<group>"; };
		45070EA42BEFF33D001F57D7 /* LightingMode.swift */ = {isa = PBXFileReference; lastKnownFileType = sourcecode.swift; path = LightingMode.swift; sourceTree = "<group>"; };
		45070EA62BEFF3E3001F57D7 /* ConnectionStatus.swift */ = {isa = PBXFileReference; lastKnownFileType = sourcecode.swift; path = ConnectionStatus.swift; sourceTree = "<group>"; };
		45070EA92BEFF412001F57D7 /* BluetoothService.swift */ = {isa = PBXFileReference; lastKnownFileType = sourcecode.swift; path = BluetoothService.swift; sourceTree = "<group>"; };
		45070EAB2BEFF694001F57D7 /* CharacteristicModel.swift */ = {isa = PBXFileReference; lastKnownFileType = sourcecode.swift; path = CharacteristicModel.swift; sourceTree = "<group>"; };
		45070EAD2BEFFEAC001F57D7 /* MainViewPresenter.swift */ = {isa = PBXFileReference; lastKnownFileType = sourcecode.swift; path = MainViewPresenter.swift; sourceTree = "<group>"; };
		45070EAF2BF00844001F57D7 /* MainViewFormatter.swift */ = {isa = PBXFileReference; lastKnownFileType = sourcecode.swift; path = MainViewFormatter.swift; sourceTree = "<group>"; };
		45070EB22BF0088C001F57D7 /* CharacteristicViewUIModel.swift */ = {isa = PBXFileReference; lastKnownFileType = sourcecode.swift; path = CharacteristicViewUIModel.swift; sourceTree = "<group>"; };
		451995652BE406C300CEE3BA /* BLEOniOS.app */ = {isa = PBXFileReference; explicitFileType = wrapper.application; includeInIndex = 0; path = BLEOniOS.app; sourceTree = BUILT_PRODUCTS_DIR; };
		451995682BE406C300CEE3BA /* AppDelegate.swift */ = {isa = PBXFileReference; lastKnownFileType = sourcecode.swift; path = AppDelegate.swift; sourceTree = "<group>"; };
		4519956A2BE406C300CEE3BA /* SceneDelegate.swift */ = {isa = PBXFileReference; lastKnownFileType = sourcecode.swift; path = SceneDelegate.swift; sourceTree = "<group>"; };
		451995712BE406C600CEE3BA /* Assets.xcassets */ = {isa = PBXFileReference; lastKnownFileType = folder.assetcatalog; path = Assets.xcassets; sourceTree = "<group>"; };
		451995742BE406C600CEE3BA /* Base */ = {isa = PBXFileReference; lastKnownFileType = file.storyboard; name = Base; path = Base.lproj/LaunchScreen.storyboard; sourceTree = "<group>"; };
		451995762BE406C600CEE3BA /* Info.plist */ = {isa = PBXFileReference; lastKnownFileType = text.plist.xml; path = Info.plist; sourceTree = "<group>"; };
		4519957D2BE4085E00CEE3BA /* MainViewController.swift */ = {isa = PBXFileReference; lastKnownFileType = sourcecode.swift; path = MainViewController.swift; sourceTree = "<group>"; };
		4519957F2BE4088A00CEE3BA /* MainViewController.xib */ = {isa = PBXFileReference; lastKnownFileType = file.xib; path = MainViewController.xib; sourceTree = "<group>"; };
		451995822BE4131300CEE3BA /* Extensions.swift */ = {isa = PBXFileReference; lastKnownFileType = sourcecode.swift; path = Extensions.swift; sourceTree = "<group>"; };
		451995842BE4205900CEE3BA /* Constants.swift */ = {isa = PBXFileReference; lastKnownFileType = sourcecode.swift; path = Constants.swift; sourceTree = "<group>"; };
		451995882BE4256300CEE3BA /* CharacteristicViewCell.swift */ = {isa = PBXFileReference; lastKnownFileType = sourcecode.swift; path = CharacteristicViewCell.swift; sourceTree = "<group>"; };
		4568E9E42BF1485100BFF157 /* ServiceData.swift */ = {isa = PBXFileReference; lastKnownFileType = sourcecode.swift; path = ServiceData.swift; sourceTree = "<group>"; };
		45EE41FE2BF154DD0009D108 /* CharacteristicDetailView.swift */ = {isa = PBXFileReference; lastKnownFileType = sourcecode.swift; path = CharacteristicDetailView.swift; sourceTree = "<group>"; };
		45EE42022BF1559B0009D108 /* CharacteristicDetailView.xib */ = {isa = PBXFileReference; lastKnownFileType = file.xib; path = CharacteristicDetailView.xib; sourceTree = "<group>"; };
/* End PBXFileReference section */

/* Begin PBXFrameworksBuildPhase section */
		451995622BE406C300CEE3BA /* Frameworks */ = {
			isa = PBXFrameworksBuildPhase;
			buildActionMask = 2147483647;
			files = (
			);
			runOnlyForDeploymentPostprocessing = 0;
		};
/* End PBXFrameworksBuildPhase section */

/* Begin PBXGroup section */
		45070E9E2BEFF250001F57D7 /* Models */ = {
			isa = PBXGroup;
			children = (
				45070E9F2BEFF28C001F57D7 /* ColorValue.swift */,
				45070EA22BEFF2DB001F57D7 /* RotaryPositionValue.swift */,
				45070EA42BEFF33D001F57D7 /* LightingMode.swift */,
				45070EA62BEFF3E3001F57D7 /* ConnectionStatus.swift */,
				45070EAB2BEFF694001F57D7 /* CharacteristicModel.swift */,
				4568E9E42BF1485100BFF157 /* ServiceData.swift */,
			);
			path = Models;
			sourceTree = "<group>";
		};
		45070EA82BEFF3F4001F57D7 /* Services */ = {
			isa = PBXGroup;
			children = (
				45070EA92BEFF412001F57D7 /* BluetoothService.swift */,
			);
			path = Services;
			sourceTree = "<group>";
		};
		45070EB12BF00872001F57D7 /* Model */ = {
			isa = PBXGroup;
			children = (
				45070EB22BF0088C001F57D7 /* CharacteristicViewUIModel.swift */,
			);
			path = Model;
			sourceTree = "<group>";
		};
		4519955C2BE406C300CEE3BA = {
			isa = PBXGroup;
			children = (
				451995672BE406C300CEE3BA /* BLEOniOS */,
				451995662BE406C300CEE3BA /* Products */,
			);
			sourceTree = "<group>";
		};
		451995662BE406C300CEE3BA /* Products */ = {
			isa = PBXGroup;
			children = (
				451995652BE406C300CEE3BA /* BLEOniOS.app */,
			);
			name = Products;
			sourceTree = "<group>";
		};
		451995672BE406C300CEE3BA /* BLEOniOS */ = {
			isa = PBXGroup;
			children = (
				451995762BE406C600CEE3BA /* Info.plist */,
				451995812BE4130400CEE3BA /* Utilities */,
				4519957C2BE4081400CEE3BA /* Resources */,
				45070E9E2BEFF250001F57D7 /* Models */,
				45070EA82BEFF3F4001F57D7 /* Services */,
				451995862BE4249500CEE3BA /* MainView */,
				45EE41FD2BF154950009D108 /* CharacteristicDetailView */,
			);
			path = BLEOniOS;
			sourceTree = "<group>";
		};
		4519957C2BE4081400CEE3BA /* Resources */ = {
			isa = PBXGroup;
			children = (
				451995682BE406C300CEE3BA /* AppDelegate.swift */,
				4519956A2BE406C300CEE3BA /* SceneDelegate.swift */,
				451995712BE406C600CEE3BA /* Assets.xcassets */,
				451995732BE406C600CEE3BA /* LaunchScreen.storyboard */,
			);
			path = Resources;
			sourceTree = "<group>";
		};
		451995812BE4130400CEE3BA /* Utilities */ = {
			isa = PBXGroup;
			children = (
				451995822BE4131300CEE3BA /* Extensions.swift */,
				451995842BE4205900CEE3BA /* Constants.swift */,
			);
			path = Utilities;
			sourceTree = "<group>";
		};
		451995862BE4249500CEE3BA /* MainView */ = {
			isa = PBXGroup;
			children = (
				45070EB12BF00872001F57D7 /* Model */,
				451995872BE4249F00CEE3BA /* Cells */,
				4519957F2BE4088A00CEE3BA /* MainViewController.xib */,
				4519957D2BE4085E00CEE3BA /* MainViewController.swift */,
				45070EAD2BEFFEAC001F57D7 /* MainViewPresenter.swift */,
				45070EAF2BF00844001F57D7 /* MainViewFormatter.swift */,
			);
			path = MainView;
			sourceTree = "<group>";
		};
		451995872BE4249F00CEE3BA /* Cells */ = {
			isa = PBXGroup;
			children = (
				451995882BE4256300CEE3BA /* CharacteristicViewCell.swift */,
				45070E9C2BEFEA73001F57D7 /* CharacteristicViewCell.xib */,
			);
			path = Cells;
			sourceTree = "<group>";
		};
		45EE41FD2BF154950009D108 /* CharacteristicDetailView */ = {
			isa = PBXGroup;
			children = (
				45EE41FE2BF154DD0009D108 /* CharacteristicDetailView.swift */,
				45EE42022BF1559B0009D108 /* CharacteristicDetailView.xib */,
			);
			path = CharacteristicDetailView;
			sourceTree = "<group>";
		};
/* End PBXGroup section */

/* Begin PBXNativeTarget section */
		451995642BE406C300CEE3BA /* BLEOniOS */ = {
			isa = PBXNativeTarget;
			buildConfigurationList = 451995792BE406C600CEE3BA /* Build configuration list for PBXNativeTarget "BLEOniOS" */;
			buildPhases = (
				451995612BE406C300CEE3BA /* Sources */,
				451995622BE406C300CEE3BA /* Frameworks */,
				451995632BE406C300CEE3BA /* Resources */,
			);
			buildRules = (
			);
			dependencies = (
			);
			name = BLEOniOS;
			productName = BLEOniOS;
			productReference = 451995652BE406C300CEE3BA /* BLEOniOS.app */;
			productType = "com.apple.product-type.application";
		};
/* End PBXNativeTarget section */

/* Begin PBXProject section */
		4519955D2BE406C300CEE3BA /* Project object */ = {
			isa = PBXProject;
			attributes = {
				BuildIndependentTargetsInParallel = 1;
				LastSwiftUpdateCheck = 1520;
				LastUpgradeCheck = 1520;
				TargetAttributes = {
					451995642BE406C300CEE3BA = {
						CreatedOnToolsVersion = 15.2;
					};
				};
			};
			buildConfigurationList = 451995602BE406C300CEE3BA /* Build configuration list for PBXProject "BLEOniOS" */;
			compatibilityVersion = "Xcode 14.0";
			developmentRegion = en;
			hasScannedForEncodings = 0;
			knownRegions = (
				en,
				Base,
			);
			mainGroup = 4519955C2BE406C300CEE3BA;
			productRefGroup = 451995662BE406C300CEE3BA /* Products */;
			projectDirPath = "";
			projectRoot = "";
			targets = (
				451995642BE406C300CEE3BA /* BLEOniOS */,
			);
		};
/* End PBXProject section */

/* Begin PBXResourcesBuildPhase section */
		451995632BE406C300CEE3BA /* Resources */ = {
			isa = PBXResourcesBuildPhase;
			buildActionMask = 2147483647;
			files = (
				451995752BE406C600CEE3BA /* LaunchScreen.storyboard in Resources */,
				45EE42032BF1559B0009D108 /* CharacteristicDetailView.xib in Resources */,
				451995802BE4088A00CEE3BA /* MainViewController.xib in Resources */,
				451995722BE406C600CEE3BA /* Assets.xcassets in Resources */,
				45070E9D2BEFEA73001F57D7 /* CharacteristicViewCell.xib in Resources */,
			);
			runOnlyForDeploymentPostprocessing = 0;
		};
/* End PBXResourcesBuildPhase section */

/* Begin PBXSourcesBuildPhase section */
		451995612BE406C300CEE3BA /* Sources */ = {
			isa = PBXSourcesBuildPhase;
			buildActionMask = 2147483647;
			files = (
				45070EAA2BEFF412001F57D7 /* BluetoothService.swift in Sources */,
				451995892BE4256300CEE3BA /* CharacteristicViewCell.swift in Sources */,
				45070EA72BEFF3E3001F57D7 /* ConnectionStatus.swift in Sources */,
				45EE41FF2BF154DD0009D108 /* CharacteristicDetailView.swift in Sources */,
				451995852BE4205900CEE3BA /* Constants.swift in Sources */,
				45070EB02BF00844001F57D7 /* MainViewFormatter.swift in Sources */,
				45070EA02BEFF28C001F57D7 /* ColorValue.swift in Sources */,
				4519957E2BE4085E00CEE3BA /* MainViewController.swift in Sources */,
				4568E9E52BF1485100BFF157 /* ServiceData.swift in Sources */,
				45070EAC2BEFF694001F57D7 /* CharacteristicModel.swift in Sources */,
				451995692BE406C300CEE3BA /* AppDelegate.swift in Sources */,
				45070EAE2BEFFEAC001F57D7 /* MainViewPresenter.swift in Sources */,
				45070EB32BF0088C001F57D7 /* CharacteristicViewUIModel.swift in Sources */,
				4519956B2BE406C300CEE3BA /* SceneDelegate.swift in Sources */,
				45070EA52BEFF33D001F57D7 /* LightingMode.swift in Sources */,
				451995832BE4131300CEE3BA /* Extensions.swift in Sources */,
				45070EA32BEFF2DB001F57D7 /* RotaryPositionValue.swift in Sources */,
			);
			runOnlyForDeploymentPostprocessing = 0;
		};
/* End PBXSourcesBuildPhase section */

/* Begin PBXVariantGroup section */
		451995732BE406C600CEE3BA /* LaunchScreen.storyboard */ = {
			isa = PBXVariantGroup;
			children = (
				451995742BE406C600CEE3BA /* Base */,
			);
			name = LaunchScreen.storyboard;
			sourceTree = "<group>";
		};
/* End PBXVariantGroup section */

/* Begin XCBuildConfiguration section */
		451995772BE406C600CEE3BA /* Debug */ = {
			isa = XCBuildConfiguration;
			buildSettings = {
				ALWAYS_SEARCH_USER_PATHS = NO;
				ASSETCATALOG_COMPILER_GENERATE_SWIFT_ASSET_SYMBOL_EXTENSIONS = YES;
				CLANG_ANALYZER_NONNULL = YES;
				CLANG_ANALYZER_NUMBER_OBJECT_CONVERSION = YES_AGGRESSIVE;
				CLANG_CXX_LANGUAGE_STANDARD = "gnu++20";
				CLANG_ENABLE_MODULES = YES;
				CLANG_ENABLE_OBJC_ARC = YES;
				CLANG_ENABLE_OBJC_WEAK = YES;
				CLANG_WARN_BLOCK_CAPTURE_AUTORELEASING = YES;
				CLANG_WARN_BOOL_CONVERSION = YES;
				CLANG_WARN_COMMA = YES;
				CLANG_WARN_CONSTANT_CONVERSION = YES;
				CLANG_WARN_DEPRECATED_OBJC_IMPLEMENTATIONS = YES;
				CLANG_WARN_DIRECT_OBJC_ISA_USAGE = YES_ERROR;
				CLANG_WARN_DOCUMENTATION_COMMENTS = YES;
				CLANG_WARN_EMPTY_BODY = YES;
				CLANG_WARN_ENUM_CONVERSION = YES;
				CLANG_WARN_INFINITE_RECURSION = YES;
				CLANG_WARN_INT_CONVERSION = YES;
				CLANG_WARN_NON_LITERAL_NULL_CONVERSION = YES;
				CLANG_WARN_OBJC_IMPLICIT_RETAIN_SELF = YES;
				CLANG_WARN_OBJC_LITERAL_CONVERSION = YES;
				CLANG_WARN_OBJC_ROOT_CLASS = YES_ERROR;
				CLANG_WARN_QUOTED_INCLUDE_IN_FRAMEWORK_HEADER = YES;
				CLANG_WARN_RANGE_LOOP_ANALYSIS = YES;
				CLANG_WARN_STRICT_PROTOTYPES = YES;
				CLANG_WARN_SUSPICIOUS_MOVE = YES;
				CLANG_WARN_UNGUARDED_AVAILABILITY = YES_AGGRESSIVE;
				CLANG_WARN_UNREACHABLE_CODE = YES;
				CLANG_WARN__DUPLICATE_METHOD_MATCH = YES;
				COPY_PHASE_STRIP = NO;
				DEBUG_INFORMATION_FORMAT = dwarf;
				ENABLE_STRICT_OBJC_MSGSEND = YES;
				ENABLE_TESTABILITY = YES;
				ENABLE_USER_SCRIPT_SANDBOXING = YES;
				GCC_C_LANGUAGE_STANDARD = gnu17;
				GCC_DYNAMIC_NO_PIC = NO;
				GCC_NO_COMMON_BLOCKS = YES;
				GCC_OPTIMIZATION_LEVEL = 0;
				GCC_PREPROCESSOR_DEFINITIONS = (
					"DEBUG=1",
					"$(inherited)",
				);
				GCC_WARN_64_TO_32_BIT_CONVERSION = YES;
				GCC_WARN_ABOUT_RETURN_TYPE = YES_ERROR;
				GCC_WARN_UNDECLARED_SELECTOR = YES;
				GCC_WARN_UNINITIALIZED_AUTOS = YES_AGGRESSIVE;
				GCC_WARN_UNUSED_FUNCTION = YES;
				GCC_WARN_UNUSED_VARIABLE = YES;
				IPHONEOS_DEPLOYMENT_TARGET = 15.0;
				LOCALIZATION_PREFERS_STRING_CATALOGS = YES;
				MTL_ENABLE_DEBUG_INFO = INCLUDE_SOURCE;
				MTL_FAST_MATH = YES;
				ONLY_ACTIVE_ARCH = YES;
				SDKROOT = iphoneos;
				SWIFT_ACTIVE_COMPILATION_CONDITIONS = "DEBUG $(inherited)";
				SWIFT_OPTIMIZATION_LEVEL = "-Onone";
			};
			name = Debug;
		};
		451995782BE406C600CEE3BA /* Release */ = {
			isa = XCBuildConfiguration;
			buildSettings = {
				ALWAYS_SEARCH_USER_PATHS = NO;
				ASSETCATALOG_COMPILER_GENERATE_SWIFT_ASSET_SYMBOL_EXTENSIONS = YES;
				CLANG_ANALYZER_NONNULL = YES;
				CLANG_ANALYZER_NUMBER_OBJECT_CONVERSION = YES_AGGRESSIVE;
				CLANG_CXX_LANGUAGE_STANDARD = "gnu++20";
				CLANG_ENABLE_MODULES = YES;
				CLANG_ENABLE_OBJC_ARC = YES;
				CLANG_ENABLE_OBJC_WEAK = YES;
				CLANG_WARN_BLOCK_CAPTURE_AUTORELEASING = YES;
				CLANG_WARN_BOOL_CONVERSION = YES;
				CLANG_WARN_COMMA = YES;
				CLANG_WARN_CONSTANT_CONVERSION = YES;
				CLANG_WARN_DEPRECATED_OBJC_IMPLEMENTATIONS = YES;
				CLANG_WARN_DIRECT_OBJC_ISA_USAGE = YES_ERROR;
				CLANG_WARN_DOCUMENTATION_COMMENTS = YES;
				CLANG_WARN_EMPTY_BODY = YES;
				CLANG_WARN_ENUM_CONVERSION = YES;
				CLANG_WARN_INFINITE_RECURSION = YES;
				CLANG_WARN_INT_CONVERSION = YES;
				CLANG_WARN_NON_LITERAL_NULL_CONVERSION = YES;
				CLANG_WARN_OBJC_IMPLICIT_RETAIN_SELF = YES;
				CLANG_WARN_OBJC_LITERAL_CONVERSION = YES;
				CLANG_WARN_OBJC_ROOT_CLASS = YES_ERROR;
				CLANG_WARN_QUOTED_INCLUDE_IN_FRAMEWORK_HEADER = YES;
				CLANG_WARN_RANGE_LOOP_ANALYSIS = YES;
				CLANG_WARN_STRICT_PROTOTYPES = YES;
				CLANG_WARN_SUSPICIOUS_MOVE = YES;
				CLANG_WARN_UNGUARDED_AVAILABILITY = YES_AGGRESSIVE;
				CLANG_WARN_UNREACHABLE_CODE = YES;
				CLANG_WARN__DUPLICATE_METHOD_MATCH = YES;
				COPY_PHASE_STRIP = NO;
				DEBUG_INFORMATION_FORMAT = "dwarf-with-dsym";
				ENABLE_NS_ASSERTIONS = NO;
				ENABLE_STRICT_OBJC_MSGSEND = YES;
				ENABLE_USER_SCRIPT_SANDBOXING = YES;
				GCC_C_LANGUAGE_STANDARD = gnu17;
				GCC_NO_COMMON_BLOCKS = YES;
				GCC_WARN_64_TO_32_BIT_CONVERSION = YES;
				GCC_WARN_ABOUT_RETURN_TYPE = YES_ERROR;
				GCC_WARN_UNDECLARED_SELECTOR = YES;
				GCC_WARN_UNINITIALIZED_AUTOS = YES_AGGRESSIVE;
				GCC_WARN_UNUSED_FUNCTION = YES;
				GCC_WARN_UNUSED_VARIABLE = YES;
				IPHONEOS_DEPLOYMENT_TARGET = 15.0;
				LOCALIZATION_PREFERS_STRING_CATALOGS = YES;
				MTL_ENABLE_DEBUG_INFO = NO;
				MTL_FAST_MATH = YES;
				SDKROOT = iphoneos;
				SWIFT_COMPILATION_MODE = wholemodule;
				VALIDATE_PRODUCT = YES;
			};
			name = Release;
		};
		4519957A2BE406C600CEE3BA /* Debug */ = {
			isa = XCBuildConfiguration;
			buildSettings = {
				ASSETCATALOG_COMPILER_APPICON_NAME = AppIcon;
				ASSETCATALOG_COMPILER_GLOBAL_ACCENT_COLOR_NAME = AccentColor;
				CODE_SIGN_STYLE = Automatic;
				CURRENT_PROJECT_VERSION = 1;
				DEVELOPMENT_TEAM = T792HGNPDD;
				GENERATE_INFOPLIST_FILE = YES;
				INFOPLIST_FILE = BLEOniOS/Info.plist;
				INFOPLIST_KEY_UIApplicationSupportsIndirectInputEvents = YES;
				INFOPLIST_KEY_UILaunchStoryboardName = LaunchScreen;
				INFOPLIST_KEY_UISupportedInterfaceOrientations_iPad = "UIInterfaceOrientationPortrait UIInterfaceOrientationPortraitUpsideDown UIInterfaceOrientationLandscapeLeft UIInterfaceOrientationLandscapeRight";
				INFOPLIST_KEY_UISupportedInterfaceOrientations_iPhone = "UIInterfaceOrientationPortrait UIInterfaceOrientationLandscapeLeft UIInterfaceOrientationLandscapeRight";
				LD_RUNPATH_SEARCH_PATHS = (
					"$(inherited)",
					"@executable_path/Frameworks",
				);
				MARKETING_VERSION = 1.0;
				PRODUCT_BUNDLE_IDENTIFIER = com.jansen.ducusin.BLEOniOS;
				PRODUCT_NAME = "$(TARGET_NAME)";
				SWIFT_EMIT_LOC_STRINGS = YES;
				SWIFT_VERSION = 5.0;
				TARGETED_DEVICE_FAMILY = "1,2";
			};
			name = Debug;
		};
		4519957B2BE406C600CEE3BA /* Release */ = {
			isa = XCBuildConfiguration;
			buildSettings = {
				ASSETCATALOG_COMPILER_APPICON_NAME = AppIcon;
				ASSETCATALOG_COMPILER_GLOBAL_ACCENT_COLOR_NAME = AccentColor;
				CODE_SIGN_STYLE = Automatic;
				CURRENT_PROJECT_VERSION = 1;
				DEVELOPMENT_TEAM = T792HGNPDD;
				GENERATE_INFOPLIST_FILE = YES;
				INFOPLIST_FILE = BLEOniOS/Info.plist;
				INFOPLIST_KEY_UIApplicationSupportsIndirectInputEvents = YES;
				INFOPLIST_KEY_UILaunchStoryboardName = LaunchScreen;
				INFOPLIST_KEY_UISupportedInterfaceOrientations_iPad = "UIInterfaceOrientationPortrait UIInterfaceOrientationPortraitUpsideDown UIInterfaceOrientationLandscapeLeft UIInterfaceOrientationLandscapeRight";
				INFOPLIST_KEY_UISupportedInterfaceOrientations_iPhone = "UIInterfaceOrientationPortrait UIInterfaceOrientationLandscapeLeft UIInterfaceOrientationLandscapeRight";
				LD_RUNPATH_SEARCH_PATHS = (
					"$(inherited)",
					"@executable_path/Frameworks",
				);
				MARKETING_VERSION = 1.0;
				PRODUCT_BUNDLE_IDENTIFIER = com.jansen.ducusin.BLEOniOS;
				PRODUCT_NAME = "$(TARGET_NAME)";
				SWIFT_EMIT_LOC_STRINGS = YES;
				SWIFT_VERSION = 5.0;
				TARGETED_DEVICE_FAMILY = "1,2";
			};
			name = Release;
		};
/* End XCBuildConfiguration section */

/* Begin XCConfigurationList section */
		451995602BE406C300CEE3BA /* Build configuration list for PBXProject "BLEOniOS" */ = {
			isa = XCConfigurationList;
			buildConfigurations = (
				451995772BE406C600CEE3BA /* Debug */,
				451995782BE406C600CEE3BA /* Release */,
			);
			defaultConfigurationIsVisible = 0;
			defaultConfigurationName = Release;
		};
		451995792BE406C600CEE3BA /* Build configuration list for PBXNativeTarget "BLEOniOS" */ = {
			isa = XCConfigurationList;
			buildConfigurations = (
				4519957A2BE406C600CEE3BA /* Debug */,
				4519957B2BE406C600CEE3BA /* Release */,
			);
			defaultConfigurationIsVisible = 0;
			defaultConfigurationName = Release;
		};
/* End XCConfigurationList section */
	};
	rootObject = 4519955D2BE406C300CEE3BA /* Project object */;
}
